
Microsoft Visual Studio Solution File, Format Version 12.00
Project("{2150E333-8FDC-42A3-9474-1A3956D46DE8}") = "src", "src", "{827E0CD3-B72D-47B6-A68D-7590B98EB39B}"
EndProject
Project("{FAE04EC0-301F-11D3-BF4B-00C04F79EFBC}") = "Domain", "src\Domain\Domain.csproj", "{AEDFFDE0-784B-40F2-BA2F-88159F93C14F}"
EndProject
Project("{FAE04EC0-301F-11D3-BF4B-00C04F79EFBC}") = "Application", "src\Application\Application.csproj", "{777FA643-AA71-4240-B333-57E85AA5B31A}"
EndProject
Project("{FAE04EC0-301F-11D3-BF4B-00C04F79EFBC}") = "Infrastructure", "src\Infrastructure\Infrastructure.csproj", "{AB2055E8-0CD7-4311-808F-EF1A4DB5EE90}"
EndProject
Project("{FAE04EC0-301F-11D3-BF4B-00C04F79EFBC}") = "Api", "src\Api\Api.csproj", "{1625A2AA-5E6A-4465-A3DD-3A2097C16700}"
EndProject
Project("{2150E333-8FDC-42A3-9474-1A3956D46DE8}") = "tests", "tests", "{0AB3BF05-4346-4AA6-1389-037BE0695223}"
EndProject
Project("{FAE04EC0-301F-11D3-BF4B-00C04F79EFBC}") = "Tests.Common", "tests\Tests.Common\Tests.Common.csproj", "{B9E96EF2-AD36-46EB-B2B6-8FFFA0AD784E}"
EndProject
Project("{FAE04EC0-301F-11D3-BF4B-00C04F79EFBC}") = "Api.Tests.Integration", "tests\Api.Tests.Integration\Api.Tests.Integration.csproj", "{554B1AE8-DD39-4348-9F08-A1DFF8E0110F}"
EndProject
Project("{FAE04EC0-301F-11D3-BF4B-00C04F79EFBC}") = "Tests.Data", "tests\Tests.Data\Tests.Data.csproj", "{1C055EE4-990E-4407-9CCE-BA7E2809B37F}"
EndProject
Global
	GlobalSection(SolutionConfigurationPlatforms) = preSolution
		Debug|Any CPU = Debug|Any CPU
		Debug|x64 = Debug|x64
		Debug|x86 = Debug|x86
		Release|Any CPU = Release|Any CPU
		Release|x64 = Release|x64
		Release|x86 = Release|x86
	EndGlobalSection
	GlobalSection(ProjectConfigurationPlatforms) = postSolution
		{AEDFFDE0-784B-40F2-BA2F-88159F93C14F}.Debug|Any CPU.ActiveCfg = Debug|Any CPU
		{AEDFFDE0-784B-40F2-BA2F-88159F93C14F}.Debug|Any CPU.Build.0 = Debug|Any CPU
		{AEDFFDE0-784B-40F2-BA2F-88159F93C14F}.Debug|x64.ActiveCfg = Debug|Any CPU
		{AEDFFDE0-784B-40F2-BA2F-88159F93C14F}.Debug|x64.Build.0 = Debug|Any CPU
		{AEDFFDE0-784B-40F2-BA2F-88159F93C14F}.Debug|x86.ActiveCfg = Debug|Any CPU
		{AEDFFDE0-784B-40F2-BA2F-88159F93C14F}.Debug|x86.Build.0 = Debug|Any CPU
		{AEDFFDE0-784B-40F2-BA2F-88159F93C14F}.Release|Any CPU.ActiveCfg = Release|Any CPU
		{AEDFFDE0-784B-40F2-BA2F-88159F93C14F}.Release|Any CPU.Build.0 = Release|Any CPU
		{AEDFFDE0-784B-40F2-BA2F-88159F93C14F}.Release|x64.ActiveCfg = Release|Any CPU
		{AEDFFDE0-784B-40F2-BA2F-88159F93C14F}.Release|x64.Build.0 = Release|Any CPU
		{AEDFFDE0-784B-40F2-BA2F-88159F93C14F}.Release|x86.ActiveCfg = Release|Any CPU
		{AEDFFDE0-784B-40F2-BA2F-88159F93C14F}.Release|x86.Build.0 = Release|Any CPU
		{777FA643-AA71-4240-B333-57E85AA5B31A}.Debug|Any CPU.ActiveCfg = Debug|Any CPU
		{777FA643-AA71-4240-B333-57E85AA5B31A}.Debug|Any CPU.Build.0 = Debug|Any CPU
		{777FA643-AA71-4240-B333-57E85AA5B31A}.Debug|x64.ActiveCfg = Debug|Any CPU
		{777FA643-AA71-4240-B333-57E85AA5B31A}.Debug|x64.Build.0 = Debug|Any CPU
		{777FA643-AA71-4240-B333-57E85AA5B31A}.Debug|x86.ActiveCfg = Debug|Any CPU
		{777FA643-AA71-4240-B333-57E85AA5B31A}.Debug|x86.Build.0 = Debug|Any CPU
		{777FA643-AA71-4240-B333-57E85AA5B31A}.Release|Any CPU.ActiveCfg = Release|Any CPU
		{777FA643-AA71-4240-B333-57E85AA5B31A}.Release|Any CPU.Build.0 = Release|Any CPU
		{777FA643-AA71-4240-B333-57E85AA5B31A}.Release|x64.ActiveCfg = Release|Any CPU
		{777FA643-AA71-4240-B333-57E85AA5B31A}.Release|x64.Build.0 = Release|Any CPU
		{777FA643-AA71-4240-B333-57E85AA5B31A}.Release|x86.ActiveCfg = Release|Any CPU
		{777FA643-AA71-4240-B333-57E85AA5B31A}.Release|x86.Build.0 = Release|Any CPU
		{AB2055E8-0CD7-4311-808F-EF1A4DB5EE90}.Debug|Any CPU.ActiveCfg = Debug|Any CPU
		{AB2055E8-0CD7-4311-808F-EF1A4DB5EE90}.Debug|Any CPU.Build.0 = Debug|Any CPU
		{AB2055E8-0CD7-4311-808F-EF1A4DB5EE90}.Debug|x64.ActiveCfg = Debug|Any CPU
		{AB2055E8-0CD7-4311-808F-EF1A4DB5EE90}.Debug|x64.Build.0 = Debug|Any CPU
		{AB2055E8-0CD7-4311-808F-EF1A4DB5EE90}.Debug|x86.ActiveCfg = Debug|Any CPU
		{AB2055E8-0CD7-4311-808F-EF1A4DB5EE90}.Debug|x86.Build.0 = Debug|Any CPU
		{AB2055E8-0CD7-4311-808F-EF1A4DB5EE90}.Release|Any CPU.ActiveCfg = Release|Any CPU
		{AB2055E8-0CD7-4311-808F-EF1A4DB5EE90}.Release|Any CPU.Build.0 = Release|Any CPU
		{AB2055E8-0CD7-4311-808F-EF1A4DB5EE90}.Release|x64.ActiveCfg = Release|Any CPU
		{AB2055E8-0CD7-4311-808F-EF1A4DB5EE90}.Release|x64.Build.0 = Release|Any CPU
		{AB2055E8-0CD7-4311-808F-EF1A4DB5EE90}.Release|x86.ActiveCfg = Release|Any CPU
		{AB2055E8-0CD7-4311-808F-EF1A4DB5EE90}.Release|x86.Build.0 = Release|Any CPU
		{1625A2AA-5E6A-4465-A3DD-3A2097C16700}.Debug|Any CPU.ActiveCfg = Debug|Any CPU
		{1625A2AA-5E6A-4465-A3DD-3A2097C16700}.Debug|Any CPU.Build.0 = Debug|Any CPU
		{1625A2AA-5E6A-4465-A3DD-3A2097C16700}.Debug|x64.ActiveCfg = Debug|Any CPU
		{1625A2AA-5E6A-4465-A3DD-3A2097C16700}.Debug|x64.Build.0 = Debug|Any CPU
		{1625A2AA-5E6A-4465-A3DD-3A2097C16700}.Debug|x86.ActiveCfg = Debug|Any CPU
		{1625A2AA-5E6A-4465-A3DD-3A2097C16700}.Debug|x86.Build.0 = Debug|Any CPU
		{1625A2AA-5E6A-4465-A3DD-3A2097C16700}.Release|Any CPU.ActiveCfg = Release|Any CPU
		{1625A2AA-5E6A-4465-A3DD-3A2097C16700}.Release|Any CPU.Build.0 = Release|Any CPU
		{1625A2AA-5E6A-4465-A3DD-3A2097C16700}.Release|x64.ActiveCfg = Release|Any CPU
		{1625A2AA-5E6A-4465-A3DD-3A2097C16700}.Release|x64.Build.0 = Release|Any CPU
		{1625A2AA-5E6A-4465-A3DD-3A2097C16700}.Release|x86.ActiveCfg = Release|Any CPU
		{1625A2AA-5E6A-4465-A3DD-3A2097C16700}.Release|x86.Build.0 = Release|Any CPU
		{B9E96EF2-AD36-46EB-B2B6-8FFFA0AD784E}.Debug|Any CPU.ActiveCfg = Debug|Any CPU
		{B9E96EF2-AD36-46EB-B2B6-8FFFA0AD784E}.Debug|Any CPU.Build.0 = Debug|Any CPU
		{B9E96EF2-AD36-46EB-B2B6-8FFFA0AD784E}.Debug|x64.ActiveCfg = Debug|Any CPU
		{B9E96EF2-AD36-46EB-B2B6-8FFFA0AD784E}.Debug|x64.Build.0 = Debug|Any CPU
		{B9E96EF2-AD36-46EB-B2B6-8FFFA0AD784E}.Debug|x86.ActiveCfg = Debug|Any CPU
		{B9E96EF2-AD36-46EB-B2B6-8FFFA0AD784E}.Debug|x86.Build.0 = Debug|Any CPU
		{B9E96EF2-AD36-46EB-B2B6-8FFFA0AD784E}.Release|Any CPU.ActiveCfg = Release|Any CPU
		{B9E96EF2-AD36-46EB-B2B6-8FFFA0AD784E}.Release|Any CPU.Build.0 = Release|Any CPU
		{B9E96EF2-AD36-46EB-B2B6-8FFFA0AD784E}.Release|x64.ActiveCfg = Release|Any CPU
		{B9E96EF2-AD36-46EB-B2B6-8FFFA0AD784E}.Release|x64.Build.0 = Release|Any CPU
		{B9E96EF2-AD36-46EB-B2B6-8FFFA0AD784E}.Release|x86.ActiveCfg = Release|Any CPU
		{B9E96EF2-AD36-46EB-B2B6-8FFFA0AD784E}.Release|x86.Build.0 = Release|Any CPU
		{554B1AE8-DD39-4348-9F08-A1DFF8E0110F}.Debug|Any CPU.ActiveCfg = Debug|Any CPU
		{554B1AE8-DD39-4348-9F08-A1DFF8E0110F}.Debug|Any CPU.Build.0 = Debug|Any CPU
		{554B1AE8-DD39-4348-9F08-A1DFF8E0110F}.Debug|x64.ActiveCfg = Debug|Any CPU
		{554B1AE8-DD39-4348-9F08-A1DFF8E0110F}.Debug|x64.Build.0 = Debug|Any CPU
		{554B1AE8-DD39-4348-9F08-A1DFF8E0110F}.Debug|x86.ActiveCfg = Debug|Any CPU
		{554B1AE8-DD39-4348-9F08-A1DFF8E0110F}.Debug|x86.Build.0 = Debug|Any CPU
		{554B1AE8-DD39-4348-9F08-A1DFF8E0110F}.Release|Any CPU.ActiveCfg = Release|Any CPU
		{554B1AE8-DD39-4348-9F08-A1DFF8E0110F}.Release|Any CPU.Build.0 = Release|Any CPU
		{554B1AE8-DD39-4348-9F08-A1DFF8E0110F}.Release|x64.ActiveCfg = Release|Any CPU
		{554B1AE8-DD39-4348-9F08-A1DFF8E0110F}.Release|x64.Build.0 = Release|Any CPU
		{554B1AE8-DD39-4348-9F08-A1DFF8E0110F}.Release|x86.ActiveCfg = Release|Any CPU
		{554B1AE8-DD39-4348-9F08-A1DFF8E0110F}.Release|x86.Build.0 = Release|Any CPU
		{1C055EE4-990E-4407-9CCE-BA7E2809B37F}.Debug|Any CPU.ActiveCfg = Debug|Any CPU
		{1C055EE4-990E-4407-9CCE-BA7E2809B37F}.Debug|Any CPU.Build.0 = Debug|Any CPU
		{1C055EE4-990E-4407-9CCE-BA7E2809B37F}.Debug|x64.ActiveCfg = Debug|Any CPU
		{1C055EE4-990E-4407-9CCE-BA7E2809B37F}.Debug|x64.Build.0 = Debug|Any CPU
		{1C055EE4-990E-4407-9CCE-BA7E2809B37F}.Debug|x86.ActiveCfg = Debug|Any CPU
		{1C055EE4-990E-4407-9CCE-BA7E2809B37F}.Debug|x86.Build.0 = Debug|Any CPU
		{1C055EE4-990E-4407-9CCE-BA7E2809B37F}.Release|Any CPU.ActiveCfg = Release|Any CPU
		{1C055EE4-990E-4407-9CCE-BA7E2809B37F}.Release|Any CPU.Build.0 = Release|Any CPU
		{1C055EE4-990E-4407-9CCE-BA7E2809B37F}.Release|x64.ActiveCfg = Release|Any CPU
		{1C055EE4-990E-4407-9CCE-BA7E2809B37F}.Release|x64.Build.0 = Release|Any CPU
		{1C055EE4-990E-4407-9CCE-BA7E2809B37F}.Release|x86.ActiveCfg = Release|Any CPU
		{1C055EE4-990E-4407-9CCE-BA7E2809B37F}.Release|x86.Build.0 = Release|Any CPU
	EndGlobalSection
	GlobalSection(SolutionProperties) = preSolution
		HideSolutionNode = FALSE
	EndGlobalSection
	GlobalSection(NestedProjects) = preSolution
		{AEDFFDE0-784B-40F2-BA2F-88159F93C14F} = {827E0CD3-B72D-47B6-A68D-7590B98EB39B}
		{777FA643-AA71-4240-B333-57E85AA5B31A} = {827E0CD3-B72D-47B6-A68D-7590B98EB39B}
		{AB2055E8-0CD7-4311-808F-EF1A4DB5EE90} = {827E0CD3-B72D-47B6-A68D-7590B98EB39B}
		{1625A2AA-5E6A-4465-A3DD-3A2097C16700} = {827E0CD3-B72D-47B6-A68D-7590B98EB39B}
		{B9E96EF2-AD36-46EB-B2B6-8FFFA0AD784E} = {0AB3BF05-4346-4AA6-1389-037BE0695223}
		{554B1AE8-DD39-4348-9F08-A1DFF8E0110F} = {0AB3BF05-4346-4AA6-1389-037BE0695223}
		{1C055EE4-990E-4407-9CCE-BA7E2809B37F} = {0AB3BF05-4346-4AA6-1389-037BE0695223}
	EndGlobalSection
EndGlobal
